
Microsoft Visual Studio Solution File, Format Version 12.00
# Visual Studio 15
VisualStudioVersion = 15.0.27004.2008
MinimumVisualStudioVersion = 10.0.40219.1
Project("{FAE04EC0-301F-11D3-BF4B-00C04F79EFBC}") = "NewSyntax", "NewSyntax\NewSyntax.csproj", "{F8368823-983C-45E8-8F82-E23278C23D55}"
EndProject
Project("{FAE04EC0-301F-11D3-BF4B-00C04F79EFBC}") = "EFORM", "EFORM\EFORM.csproj", "{DF318DF5-ADB4-452F-B5C4-0A0ABD66C50D}"
EndProject
Project("{2150E333-8FDC-42A3-9474-1A3956D46DE8}") = "EFCRUD", "EFCRUD", "{B6A2CD1D-429E-4605-9391-07276EE5DF79}"
EndProject
Project("{FAE04EC0-301F-11D3-BF4B-00C04F79EFBC}") = "EF.Model", "EF.Model\EF.Model.csproj", "{E45EE814-8ACD-4DD5-9BC3-C7D4CFF8859A}"
EndProject
Project("{FAE04EC0-301F-11D3-BF4B-00C04F79EFBC}") = "EF.DAL", "EF.DAL\EF.DAL.csproj", "{33FE6298-62AC-4E21-ACD5-7E37323320C0}"
EndProject
Project("{FAE04EC0-301F-11D3-BF4B-00C04F79EFBC}") = "EF.BLL", "EF.BLL\EF.BLL.csproj", "{7D266572-9BBD-425F-A43D-154C1249F19E}"
EndProject
Project("{FAE04EC0-301F-11D3-BF4B-00C04F79EFBC}") = "EF.Common", "EF.Common\EF.Common.csproj", "{3B43AD21-829C-413A-8BFC-DF6F134ADC0F}"
EndProject
Project("{FAE04EC0-301F-11D3-BF4B-00C04F79EFBC}") = "EF.Web", "EF.Web\EF.Web.csproj", "{57E7CB92-8BD6-4638-8609-38A86722BA55}"
EndProject
Global
	GlobalSection(SolutionConfigurationPlatforms) = preSolution
		Debug|Any CPU = Debug|Any CPU
		Release|Any CPU = Release|Any CPU
	EndGlobalSection
	GlobalSection(ProjectConfigurationPlatforms) = postSolution
		{F8368823-983C-45E8-8F82-E23278C23D55}.Debug|Any CPU.ActiveCfg = Debug|Any CPU
		{F8368823-983C-45E8-8F82-E23278C23D55}.Debug|Any CPU.Build.0 = Debug|Any CPU
		{F8368823-983C-45E8-8F82-E23278C23D55}.Release|Any CPU.ActiveCfg = Release|Any CPU
		{F8368823-983C-45E8-8F82-E23278C23D55}.Release|Any CPU.Build.0 = Release|Any CPU
		{DF318DF5-ADB4-452F-B5C4-0A0ABD66C50D}.Debug|Any CPU.ActiveCfg = Debug|Any CPU
		{DF318DF5-ADB4-452F-B5C4-0A0ABD66C50D}.Debug|Any CPU.Build.0 = Debug|Any CPU
		{DF318DF5-ADB4-452F-B5C4-0A0ABD66C50D}.Release|Any CPU.ActiveCfg = Release|Any CPU
		{DF318DF5-ADB4-452F-B5C4-0A0ABD66C50D}.Release|Any CPU.Build.0 = Release|Any CPU
		{E45EE814-8ACD-4DD5-9BC3-C7D4CFF8859A}.Debug|Any CPU.ActiveCfg = Debug|Any CPU
		{E45EE814-8ACD-4DD5-9BC3-C7D4CFF8859A}.Debug|Any CPU.Build.0 = Debug|Any CPU
		{E45EE814-8ACD-4DD5-9BC3-C7D4CFF8859A}.Release|Any CPU.ActiveCfg = Release|Any CPU
		{E45EE814-8ACD-4DD5-9BC3-C7D4CFF8859A}.Release|Any CPU.Build.0 = Release|Any CPU
		{33FE6298-62AC-4E21-ACD5-7E37323320C0}.Debug|Any CPU.ActiveCfg = Debug|Any CPU
		{33FE6298-62AC-4E21-ACD5-7E37323320C0}.Debug|Any CPU.Build.0 = Debug|Any CPU
		{33FE6298-62AC-4E21-ACD5-7E37323320C0}.Release|Any CPU.ActiveCfg = Release|Any CPU
		{33FE6298-62AC-4E21-ACD5-7E37323320C0}.Release|Any CPU.Build.0 = Release|Any CPU
		{7D266572-9BBD-425F-A43D-154C1249F19E}.Debug|Any CPU.ActiveCfg = Debug|Any CPU
		{7D266572-9BBD-425F-A43D-154C1249F19E}.Debug|Any CPU.Build.0 = Debug|Any CPU
		{7D266572-9BBD-425F-A43D-154C1249F19E}.Release|Any CPU.ActiveCfg = Release|Any CPU
		{7D266572-9BBD-425F-A43D-154C1249F19E}.Release|Any CPU.Build.0 = Release|Any CPU
		{3B43AD21-829C-413A-8BFC-DF6F134ADC0F}.Debug|Any CPU.ActiveCfg = Debug|Any CPU
		{3B43AD21-829C-413A-8BFC-DF6F134ADC0F}.Debug|Any CPU.Build.0 = Debug|Any CPU
		{3B43AD21-829C-413A-8BFC-DF6F134ADC0F}.Release|Any CPU.ActiveCfg = Release|Any CPU
		{3B43AD21-829C-413A-8BFC-DF6F134ADC0F}.Release|Any CPU.Build.0 = Release|Any CPU
		{57E7CB92-8BD6-4638-8609-38A86722BA55}.Debug|Any CPU.ActiveCfg = Debug|Any CPU
		{57E7CB92-8BD6-4638-8609-38A86722BA55}.Debug|Any CPU.Build.0 = Debug|Any CPU
		{57E7CB92-8BD6-4638-8609-38A86722BA55}.Release|Any CPU.ActiveCfg = Release|Any CPU
		{57E7CB92-8BD6-4638-8609-38A86722BA55}.Release|Any CPU.Build.0 = Release|Any CPU
	EndGlobalSection
	GlobalSection(SolutionProperties) = preSolution
		HideSolutionNode = FALSE
	EndGlobalSection
	GlobalSection(NestedProjects) = preSolution
		{E45EE814-8ACD-4DD5-9BC3-C7D4CFF8859A} = {B6A2CD1D-429E-4605-9391-07276EE5DF79}
		{33FE6298-62AC-4E21-ACD5-7E37323320C0} = {B6A2CD1D-429E-4605-9391-07276EE5DF79}
		{7D266572-9BBD-425F-A43D-154C1249F19E} = {B6A2CD1D-429E-4605-9391-07276EE5DF79}
		{3B43AD21-829C-413A-8BFC-DF6F134ADC0F} = {B6A2CD1D-429E-4605-9391-07276EE5DF79}
		{57E7CB92-8BD6-4638-8609-38A86722BA55} = {B6A2CD1D-429E-4605-9391-07276EE5DF79}
	EndGlobalSection
	GlobalSection(ExtensibilityGlobals) = postSolution
		SolutionGuid = {7BEEAE05-6CD0-439F-939B-C719CABB560B}
	EndGlobalSection
EndGlobal
